// !$*UTF8*$!
{
	archiveVersion = 1;
	classes = {
	};
	objectVersion = 77;
	objects = {

/* Begin PBXBuildFile section */
		161C2DE301B22D7F92AAAA5E /* TrackPickerSheet.swift in Sources */ = {isa = PBXBuildFile; fileRef = DC43E506FA9974EFA8872E6C /* TrackPickerSheet.swift */; };
		1CA27631AEC10F690E9AD45C /* HlsSubtitlePipeline.swift in Sources */ = {isa = PBXBuildFile; fileRef = F58112060374FD74F145B776 /* HlsSubtitlePipeline.swift */; };
		20FD37328E9554A8C5741BFE /* RigelApp.swift in Sources */ = {isa = PBXBuildFile; fileRef = 13A2B46286CE87F507945849 /* RigelApp.swift */; };
		249C1FBDC464C9205176311D /* PlayerModel.swift in Sources */ = {isa = PBXBuildFile; fileRef = 09F3E4E0C6B00EC13043EECB /* PlayerModel.swift */; };
		2556785B1EB317B989C75437 /* ProbeTest.swift in Sources */ = {isa = PBXBuildFile; fileRef = 77CAF00C369430D75CD3ABCA /* ProbeTest.swift */; };
		26715F525BC2CB79EBE93337 /* SsdpTest.swift in Sources */ = {isa = PBXBuildFile; fileRef = 7AB17D5F6EC701DA65788919 /* SsdpTest.swift */; };
		2BF0454FA2311B0C146BF90B /* ChromecastFramingTest.swift in Sources */ = {isa = PBXBuildFile; fileRef = 5360C9D77D390D8ADE1CFE07 /* ChromecastFramingTest.swift */; };
		30BCF81934AC8B3124D2C772 /* HlsExporterRun.swift in Sources */ = {isa = PBXBuildFile; fileRef = 89BD10D0E92B2A1D4BA7E188 /* HlsExporterRun.swift */; };
		316D0FD7891775E4D37017B0 /* PlayerModelTests.swift in Sources */ = {isa = PBXBuildFile; fileRef = 95EB9D3B2CCD457A19DF33F4 /* PlayerModelTests.swift */; };
		33885F2FC039F973674CB10F /* JellyfinCancellationTests.swift in Sources */ = {isa = PBXBuildFile; fileRef = F9A919CE08DBC6C98DA05787 /* JellyfinCancellationTests.swift */; };
		35BEA07E0003B546A06E1BE1 /* HttpServerTest.swift in Sources */ = {isa = PBXBuildFile; fileRef = 0E9C6215B39D81DDC3C52857 /* HttpServerTest.swift */; };
		3F0110930E698028F88BB64C /* SubtitleParserTests.swift in Sources */ = {isa = PBXBuildFile; fileRef = BED57AB27DF39DFAADA04201 /* SubtitleParserTests.swift */; };
		40B3EF448EF526D2F4365B11 /* RigelShare.appex in Embed Foundation Extensions */ = {isa = PBXBuildFile; fileRef = FD75F9EC70ED2AC5CF7CE1EC /* RigelShare.appex */; settings = {ATTRIBUTES = (RemoveHeadersOnCopy, ); }; };
		461188ACD9F31217A1382314 /* RootView.swift in Sources */ = {isa = PBXBuildFile; fileRef = 6DE32A6746C3E597664C10F4 /* RootView.swift */; };
		48B6F1631ABCC70A154B9517 /* HlsAudioPipeline.swift in Sources */ = {isa = PBXBuildFile; fileRef = 649D9C1E86721B3D0FAD5299 /* HlsAudioPipeline.swift */; };
		4AF351DBEBDB84DFFF370B4A /* JellyfinAsyncTests.swift in Sources */ = {isa = PBXBuildFile; fileRef = DB4532507FE72B251DDF5351 /* JellyfinAsyncTests.swift */; };
		4E42AEF9C060214750F4BA34 /* HlsSubtitleChain.swift in Sources */ = {isa = PBXBuildFile; fileRef = 9C456137CAB6FE330200F972 /* HlsSubtitleChain.swift */; };
		50E863DAF61D44CB9B2F2939 /* Bridges.swift in Sources */ = {isa = PBXBuildFile; fileRef = 28078C8B475E60D15BD05567 /* Bridges.swift */; };
		5432CEE181048E2A8D5D3D3C /* fixture_sidecar.vtt in Resources */ = {isa = PBXBuildFile; fileRef = B7CCA223E4F4059CB44E3F38 /* fixture_sidecar.vtt */; };
		55ACB229D7C9A9EEBE3AB22C /* DevicesView.swift in Sources */ = {isa = PBXBuildFile; fileRef = 9D4BD15281EBF63805BCE13B /* DevicesView.swift */; };
		581C58ABE626229814E0ED2D /* HistoryView.swift in Sources */ = {isa = PBXBuildFile; fileRef = 5BA7FB6CB41BECFF4B3DA0F4 /* HistoryView.swift */; };
		6065A2896A859B0ADD9DB996 /* JellyfinAsync.swift in Sources */ = {isa = PBXBuildFile; fileRef = 3E4280FB564D181C3EF80346 /* JellyfinAsync.swift */; };
		60A1BB0A2115E62590F4FB9B /* UpnpRendererService.swift in Sources */ = {isa = PBXBuildFile; fileRef = EFB95112E586DE9EC94C62B3 /* UpnpRendererService.swift */; };
		80475FE0CC4CC3F274BE8745 /* Theme.swift in Sources */ = {isa = PBXBuildFile; fileRef = 90029D92694D0869C85D2255 /* Theme.swift */; };
		80FD1447827E36F5D5FD8868 /* PlayerOrientation.swift in Sources */ = {isa = PBXBuildFile; fileRef = 79688BECFCAC2D74B3BA7974 /* PlayerOrientation.swift */; };
		837A5EE4FB2EF17332B17FCF /* Assets.xcassets in Resources */ = {isa = PBXBuildFile; fileRef = 447A68C1A13FE16EF24829F3 /* Assets.xcassets */; };
		840778D1567BB55D05D193AB /* SourcesView.swift in Sources */ = {isa = PBXBuildFile; fileRef = A4262B26119CDCB12A8C7BEA /* SourcesView.swift */; };
		8706C6DA54655EDBCB069AE1 /* HlsPlaylistAndRemux.swift in Sources */ = {isa = PBXBuildFile; fileRef = 91D33B49993864B6004681B2 /* HlsPlaylistAndRemux.swift */; };
		895F27EFFD7329E3853A6538 /* OpenSubtitlesTests.swift in Sources */ = {isa = PBXBuildFile; fileRef = 19363427F618D5CAC542AD2F /* OpenSubtitlesTests.swift */; };
		8B16D4A52A4B9A62AA0B519A /* fixture_subtitles.mkv in Resources */ = {isa = PBXBuildFile; fileRef = 21976EE46218DF8CB1A1EC65 /* fixture_subtitles.mkv */; };
		8DCEFF150D0E0EB8F9FEDC4E /* SubtitlePreferencesTests.swift in Sources */ = {isa = PBXBuildFile; fileRef = B5CE5BE22745E378BBDC931C /* SubtitlePreferencesTests.swift */; };
		9503AD3831DD2E48D3F60825 /* JellyfinSupport.swift in Sources */ = {isa = PBXBuildFile; fileRef = 58F497B8CE4B18C52A2FA793 /* JellyfinSupport.swift */; };
		992C5F304BCD67E08D16EAF8 /* HlsExporterIO.swift in Sources */ = {isa = PBXBuildFile; fileRef = 6149C13D84A4ADF6B8A96411 /* HlsExporterIO.swift */; };
		9A0EF6E2BAD5108A28DEF303 /* JellyfinViewModel.swift in Sources */ = {isa = PBXBuildFile; fileRef = 7564F580CEE1922380DBAC68 /* JellyfinViewModel.swift */; };
		9ACF36E8EC1BAE920F544580 /* PlayerChromeViews.swift in Sources */ = {isa = PBXBuildFile; fileRef = 23506D9F47ACB0814B259811 /* PlayerChromeViews.swift */; };
		A46049877E4FF3742A7FB16A /* BridgeAdapters.swift in Sources */ = {isa = PBXBuildFile; fileRef = 1783BE55CF934AA43EC8DE34 /* BridgeAdapters.swift */; };
		A736676548D0CC33C02ECFA7 /* HlsExporter.swift in Sources */ = {isa = PBXBuildFile; fileRef = AA0C01D2B513E5A89B689474 /* HlsExporter.swift */; };
		AA72F877BCB78E414F2AA8B4 /* index.m3u8 in Resources */ = {isa = PBXBuildFile; fileRef = 9EC33CCF014E87E581BEB2F9 /* index.m3u8 */; };
		BEDC186B90D49FA142F46BC5 /* fixture_multi.mkv in Resources */ = {isa = PBXBuildFile; fileRef = 0D3F872D1B7F4231D889C42A /* fixture_multi.mkv */; };
		C6444A76CE746AA49E8FB4A1 /* SubtitleCustomizationSheet.swift in Sources */ = {isa = PBXBuildFile; fileRef = 3995BE78A381573663358A1E /* SubtitleCustomizationSheet.swift */; };
		C7AC8CC829298F13F5B42E31 /* RigelPlayerViewController.swift in Sources */ = {isa = PBXBuildFile; fileRef = 43A80DAD29CA264E11AE1E2A /* RigelPlayerViewController.swift */; };
		C9A9949718C2113382F9B1A8 /* fixture_dts.mkv in Resources */ = {isa = PBXBuildFile; fileRef = 7D2F33A359068393712E8AEF /* fixture_dts.mkv */; };
		CE96A7957AD6EED370D54E87 /* OpenSubtitles.swift in Sources */ = {isa = PBXBuildFile; fileRef = 1DDF70300D69370704A14D9A /* OpenSubtitles.swift */; };
		CEF57BDA41A823F25B6532D3 /* HttpServer.swift in Sources */ = {isa = PBXBuildFile; fileRef = 878B4928504043449C4FF196 /* HttpServer.swift */; };
		D6E16387AAE1E5FD17570D6B /* fixture.mp4 in Resources */ = {isa = PBXBuildFile; fileRef = 8F14AD936AB698FB4B03CD8B /* fixture.mp4 */; };
		D9AD1C07F00D2DAC29388632 /* SettingsView.swift in Sources */ = {isa = PBXBuildFile; fileRef = 5D6CDACA6CCC4472CAD24AD5 /* SettingsView.swift */; };
		DA3FBC1BD04B25396145CF3F /* seg000.ts in Resources */ = {isa = PBXBuildFile; fileRef = 42C289E11EC5B7A5075878EF /* seg000.ts */; };
		DE27BCD00651ACC137FD0D57 /* fixture_sub_en.srt in Resources */ = {isa = PBXBuildFile; fileRef = 21A5A241DE30BA2023D56C75 /* fixture_sub_en.srt */; };
		E0784072F4F3A2C9B610467F /* Probe.swift in Sources */ = {isa = PBXBuildFile; fileRef = C8CE17963A2289F4B9263B94 /* Probe.swift */; };
		E66DA358ACCC030FEE0BF9A1 /* SubtitleParser.swift in Sources */ = {isa = PBXBuildFile; fileRef = 4F66FCF2113C925E1D49A8DE /* SubtitleParser.swift */; };
		E6B7D8A55C72256E1E1CC76E /* HlsExporterReadiness.swift in Sources */ = {isa = PBXBuildFile; fileRef = 96F87820A73BAB443DDACBCF /* HlsExporterReadiness.swift */; };
		E7D54ECB739686141FEEF68A /* RigelPlayerBridge.swift in Sources */ = {isa = PBXBuildFile; fileRef = 823C4F6AC1746D30C1238B88 /* RigelPlayerBridge.swift */; };
		E8DBEF193AC5594CC6B63468 /* SubtitlePreferences.swift in Sources */ = {isa = PBXBuildFile; fileRef = A84E7E5EA7BD9D28381175BE /* SubtitlePreferences.swift */; };
		E8F7E0F105BCAFE74D559DC2 /* Chromecast.swift in Sources */ = {isa = PBXBuildFile; fileRef = 8922D7C5B8FCE7EE3CD4058A /* Chromecast.swift */; };
		EA5C8D421D99789084FA5303 /* fixture_sub_fr.srt in Resources */ = {isa = PBXBuildFile; fileRef = 145EAC9FD90D68574A086A60 /* fixture_sub_fr.srt */; };
		ED1736AE5664B23C0F4DA64B /* PlayerHostView.swift in Sources */ = {isa = PBXBuildFile; fileRef = A27FC87A2064A0ED8654BD3E /* PlayerHostView.swift */; };
		F4B1AD0E21573717A8A1F728 /* DeviceSetupView.swift in Sources */ = {isa = PBXBuildFile; fileRef = 2051C23C328C7C22C8B3632A /* DeviceSetupView.swift */; };
		F9254DF13AA8D1E8B8F12B26 /* Ssdp.swift in Sources */ = {isa = PBXBuildFile; fileRef = 0A0A77D73BD53FB477190213 /* Ssdp.swift */; };
		FABF00F346D31526946B6F8E /* HlsVideoPipeline.swift in Sources */ = {isa = PBXBuildFile; fileRef = 1931CB8B2731B064F91DB089 /* HlsVideoPipeline.swift */; };
		FE6501ADC8903E3517CDED07 /* HomeView.swift in Sources */ = {isa = PBXBuildFile; fileRef = 4E20CC30AFCA65D53397B118 /* HomeView.swift */; };
		FEFAD4FE14DF390979D2DED1 /* ShareViewController.swift in Sources */ = {isa = PBXBuildFile; fileRef = 523A8D7C5525838C63DC0274 /* ShareViewController.swift */; };
/* End PBXBuildFile section */

/* Begin PBXContainerItemProxy section */
		5C9513DDDC5F3ACBE2B72323 /* PBXContainerItemProxy */ = {
			isa = PBXContainerItemProxy;
			containerPortal = 7C5559907686F918164C77E8 /* Project object */;
			proxyType = 1;
			remoteGlobalIDString = 2CFE07C6A3AC72F7F435F4EC;
			remoteInfo = RigelShare;
		};
		87F4C4A9A0130EDFC7D4E2D3 /* PBXContainerItemProxy */ = {
			isa = PBXContainerItemProxy;
			containerPortal = 7C5559907686F918164C77E8 /* Project object */;
			proxyType = 1;
			remoteGlobalIDString = 459E6C4A49D670774E68737C;
			remoteInfo = Rigel;
		};
/* End PBXContainerItemProxy section */

/* Begin PBXCopyFilesBuildPhase section */
		25A7A640B25228817C0F3263 /* Embed Foundation Extensions */ = {
			isa = PBXCopyFilesBuildPhase;
			buildActionMask = 2147483647;
			dstPath = "";
			dstSubfolderSpec = 13;
			files = (
				40B3EF448EF526D2F4365B11 /* RigelShare.appex in Embed Foundation Extensions */,
			);
			name = "Embed Foundation Extensions";
			runOnlyForDeploymentPostprocessing = 0;
		};
/* End PBXCopyFilesBuildPhase section */

/* Begin PBXFileReference section */
		09F3E4E0C6B00EC13043EECB /* PlayerModel.swift */ = {isa = PBXFileReference; lastKnownFileType = sourcecode.swift; path = PlayerModel.swift; sourceTree = "<group>"; };
		0A0A77D73BD53FB477190213 /* Ssdp.swift */ = {isa = PBXFileReference; lastKnownFileType = sourcecode.swift; path = Ssdp.swift; sourceTree = "<group>"; };
		0D3F872D1B7F4231D889C42A /* fixture_multi.mkv */ = {isa = PBXFileReference; path = fixture_multi.mkv; sourceTree = "<group>"; };
		0E9C6215B39D81DDC3C52857 /* HttpServerTest.swift */ = {isa = PBXFileReference; lastKnownFileType = sourcecode.swift; path = HttpServerTest.swift; sourceTree = "<group>"; };
		13A2B46286CE87F507945849 /* RigelApp.swift */ = {isa = PBXFileReference; lastKnownFileType = sourcecode.swift; path = RigelApp.swift; sourceTree = "<group>"; };
		145EAC9FD90D68574A086A60 /* fixture_sub_fr.srt */ = {isa = PBXFileReference; path = fixture_sub_fr.srt; sourceTree = "<group>"; };
		1783BE55CF934AA43EC8DE34 /* BridgeAdapters.swift */ = {isa = PBXFileReference; lastKnownFileType = sourcecode.swift; path = BridgeAdapters.swift; sourceTree = "<group>"; };
		1931CB8B2731B064F91DB089 /* HlsVideoPipeline.swift */ = {isa = PBXFileReference; lastKnownFileType = sourcecode.swift; path = HlsVideoPipeline.swift; sourceTree = "<group>"; };
		19363427F618D5CAC542AD2F /* OpenSubtitlesTests.swift */ = {isa = PBXFileReference; lastKnownFileType = sourcecode.swift; path = OpenSubtitlesTests.swift; sourceTree = "<group>"; };
		1B5E4D4358F621D7071B678A /* RigelTests.xctest */ = {isa = PBXFileReference; includeInIndex = 0; lastKnownFileType = wrapper.cfbundle; path = RigelTests.xctest; sourceTree = BUILT_PRODUCTS_DIR; };
		1DDF70300D69370704A14D9A /* OpenSubtitles.swift */ = {isa = PBXFileReference; lastKnownFileType = sourcecode.swift; path = OpenSubtitles.swift; sourceTree = "<group>"; };
		2051C23C328C7C22C8B3632A /* DeviceSetupView.swift */ = {isa = PBXFileReference; lastKnownFileType = sourcecode.swift; path = DeviceSetupView.swift; sourceTree = "<group>"; };
		21976EE46218DF8CB1A1EC65 /* fixture_subtitles.mkv */ = {isa = PBXFileReference; path = fixture_subtitles.mkv; sourceTree = "<group>"; };
		21A5A241DE30BA2023D56C75 /* fixture_sub_en.srt */ = {isa = PBXFileReference; path = fixture_sub_en.srt; sourceTree = "<group>"; };
		23506D9F47ACB0814B259811 /* PlayerChromeViews.swift */ = {isa = PBXFileReference; lastKnownFileType = sourcecode.swift; path = PlayerChromeViews.swift; sourceTree = "<group>"; };
		28078C8B475E60D15BD05567 /* Bridges.swift */ = {isa = PBXFileReference; lastKnownFileType = sourcecode.swift; path = Bridges.swift; sourceTree = "<group>"; };
		3995BE78A381573663358A1E /* SubtitleCustomizationSheet.swift */ = {isa = PBXFileReference; lastKnownFileType = sourcecode.swift; path = SubtitleCustomizationSheet.swift; sourceTree = "<group>"; };
		3E4280FB564D181C3EF80346 /* JellyfinAsync.swift */ = {isa = PBXFileReference; lastKnownFileType = sourcecode.swift; path = JellyfinAsync.swift; sourceTree = "<group>"; };
		42C289E11EC5B7A5075878EF /* seg000.ts */ = {isa = PBXFileReference; path = seg000.ts; sourceTree = "<group>"; };
		43A80DAD29CA264E11AE1E2A /* RigelPlayerViewController.swift */ = {isa = PBXFileReference; lastKnownFileType = sourcecode.swift; path = RigelPlayerViewController.swift; sourceTree = "<group>"; };
		447A68C1A13FE16EF24829F3 /* Assets.xcassets */ = {isa = PBXFileReference; lastKnownFileType = folder.assetcatalog; path = Assets.xcassets; sourceTree = "<group>"; };
		4E20CC30AFCA65D53397B118 /* HomeView.swift */ = {isa = PBXFileReference; lastKnownFileType = sourcecode.swift; path = HomeView.swift; sourceTree = "<group>"; };
		4F66FCF2113C925E1D49A8DE /* SubtitleParser.swift */ = {isa = PBXFileReference; lastKnownFileType = sourcecode.swift; path = SubtitleParser.swift; sourceTree = "<group>"; };
		500AD4648B5224FBCEF6AB40 /* Info.plist */ = {isa = PBXFileReference; lastKnownFileType = text.plist; path = Info.plist; sourceTree = "<group>"; };
		523A8D7C5525838C63DC0274 /* ShareViewController.swift */ = {isa = PBXFileReference; lastKnownFileType = sourcecode.swift; path = ShareViewController.swift; sourceTree = "<group>"; };
		5360C9D77D390D8ADE1CFE07 /* ChromecastFramingTest.swift */ = {isa = PBXFileReference; lastKnownFileType = sourcecode.swift; path = ChromecastFramingTest.swift; sourceTree = "<group>"; };
		58F497B8CE4B18C52A2FA793 /* JellyfinSupport.swift */ = {isa = PBXFileReference; lastKnownFileType = sourcecode.swift; path = JellyfinSupport.swift; sourceTree = "<group>"; };
		5BA7FB6CB41BECFF4B3DA0F4 /* HistoryView.swift */ = {isa = PBXFileReference; lastKnownFileType = sourcecode.swift; path = HistoryView.swift; sourceTree = "<group>"; };
		5D6CDACA6CCC4472CAD24AD5 /* SettingsView.swift */ = {isa = PBXFileReference; lastKnownFileType = sourcecode.swift; path = SettingsView.swift; sourceTree = "<group>"; };
		6149C13D84A4ADF6B8A96411 /* HlsExporterIO.swift */ = {isa = PBXFileReference; lastKnownFileType = sourcecode.swift; path = HlsExporterIO.swift; sourceTree = "<group>"; };
		649D9C1E86721B3D0FAD5299 /* HlsAudioPipeline.swift */ = {isa = PBXFileReference; lastKnownFileType = sourcecode.swift; path = HlsAudioPipeline.swift; sourceTree = "<group>"; };
		6DE32A6746C3E597664C10F4 /* RootView.swift */ = {isa = PBXFileReference; lastKnownFileType = sourcecode.swift; path = RootView.swift; sourceTree = "<group>"; };
		7564F580CEE1922380DBAC68 /* JellyfinViewModel.swift */ = {isa = PBXFileReference; lastKnownFileType = sourcecode.swift; path = JellyfinViewModel.swift; sourceTree = "<group>"; };
		77CAF00C369430D75CD3ABCA /* ProbeTest.swift */ = {isa = PBXFileReference; lastKnownFileType = sourcecode.swift; path = ProbeTest.swift; sourceTree = "<group>"; };
		79688BECFCAC2D74B3BA7974 /* PlayerOrientation.swift */ = {isa = PBXFileReference; lastKnownFileType = sourcecode.swift; path = PlayerOrientation.swift; sourceTree = "<group>"; };
		7AB17D5F6EC701DA65788919 /* SsdpTest.swift */ = {isa = PBXFileReference; lastKnownFileType = sourcecode.swift; path = SsdpTest.swift; sourceTree = "<group>"; };
		7D2F33A359068393712E8AEF /* fixture_dts.mkv */ = {isa = PBXFileReference; path = fixture_dts.mkv; sourceTree = "<group>"; };
		823C4F6AC1746D30C1238B88 /* RigelPlayerBridge.swift */ = {isa = PBXFileReference; lastKnownFileType = sourcecode.swift; path = RigelPlayerBridge.swift; sourceTree = "<group>"; };
		878B4928504043449C4FF196 /* HttpServer.swift */ = {isa = PBXFileReference; lastKnownFileType = sourcecode.swift; path = HttpServer.swift; sourceTree = "<group>"; };
		8922D7C5B8FCE7EE3CD4058A /* Chromecast.swift */ = {isa = PBXFileReference; lastKnownFileType = sourcecode.swift; path = Chromecast.swift; sourceTree = "<group>"; };
		89BD10D0E92B2A1D4BA7E188 /* HlsExporterRun.swift */ = {isa = PBXFileReference; lastKnownFileType = sourcecode.swift; path = HlsExporterRun.swift; sourceTree = "<group>"; };
		8CD86059649C881D0505229A /* Rigel.app */ = {isa = PBXFileReference; includeInIndex = 0; lastKnownFileType = wrapper.application; path = Rigel.app; sourceTree = BUILT_PRODUCTS_DIR; };
		8F14AD936AB698FB4B03CD8B /* fixture.mp4 */ = {isa = PBXFileReference; path = fixture.mp4; sourceTree = "<group>"; };
		90029D92694D0869C85D2255 /* Theme.swift */ = {isa = PBXFileReference; lastKnownFileType = sourcecode.swift; path = Theme.swift; sourceTree = "<group>"; };
		91D33B49993864B6004681B2 /* HlsPlaylistAndRemux.swift */ = {isa = PBXFileReference; lastKnownFileType = sourcecode.swift; path = HlsPlaylistAndRemux.swift; sourceTree = "<group>"; };
		95EB9D3B2CCD457A19DF33F4 /* PlayerModelTests.swift */ = {isa = PBXFileReference; lastKnownFileType = sourcecode.swift; path = PlayerModelTests.swift; sourceTree = "<group>"; };
		96F87820A73BAB443DDACBCF /* HlsExporterReadiness.swift */ = {isa = PBXFileReference; lastKnownFileType = sourcecode.swift; path = HlsExporterReadiness.swift; sourceTree = "<group>"; };
		9C456137CAB6FE330200F972 /* HlsSubtitleChain.swift */ = {isa = PBXFileReference; lastKnownFileType = sourcecode.swift; path = HlsSubtitleChain.swift; sourceTree = "<group>"; };
		9D4BD15281EBF63805BCE13B /* DevicesView.swift */ = {isa = PBXFileReference; lastKnownFileType = sourcecode.swift; path = DevicesView.swift; sourceTree = "<group>"; };
		9EC33CCF014E87E581BEB2F9 /* index.m3u8 */ = {isa = PBXFileReference; path = index.m3u8; sourceTree = "<group>"; };
		A27FC87A2064A0ED8654BD3E /* PlayerHostView.swift */ = {isa = PBXFileReference; lastKnownFileType = sourcecode.swift; path = PlayerHostView.swift; sourceTree = "<group>"; };
		A4262B26119CDCB12A8C7BEA /* SourcesView.swift */ = {isa = PBXFileReference; lastKnownFileType = sourcecode.swift; path = SourcesView.swift; sourceTree = "<group>"; };
		A84E7E5EA7BD9D28381175BE /* SubtitlePreferences.swift */ = {isa = PBXFileReference; lastKnownFileType = sourcecode.swift; path = SubtitlePreferences.swift; sourceTree = "<group>"; };
		AA0C01D2B513E5A89B689474 /* HlsExporter.swift */ = {isa = PBXFileReference; lastKnownFileType = sourcecode.swift; path = HlsExporter.swift; sourceTree = "<group>"; };
		AE601FA4AE0C0908D4745F69 /* RigelFfmpeg.h */ = {isa = PBXFileReference; lastKnownFileType = sourcecode.c.h; path = RigelFfmpeg.h; sourceTree = "<group>"; };
		B5CE5BE22745E378BBDC931C /* SubtitlePreferencesTests.swift */ = {isa = PBXFileReference; lastKnownFileType = sourcecode.swift; path = SubtitlePreferencesTests.swift; sourceTree = "<group>"; };
		B7CCA223E4F4059CB44E3F38 /* fixture_sidecar.vtt */ = {isa = PBXFileReference; path = fixture_sidecar.vtt; sourceTree = "<group>"; };
		BED57AB27DF39DFAADA04201 /* SubtitleParserTests.swift */ = {isa = PBXFileReference; lastKnownFileType = sourcecode.swift; path = SubtitleParserTests.swift; sourceTree = "<group>"; };
		C8CE17963A2289F4B9263B94 /* Probe.swift */ = {isa = PBXFileReference; lastKnownFileType = sourcecode.swift; path = Probe.swift; sourceTree = "<group>"; };
		DB4532507FE72B251DDF5351 /* JellyfinAsyncTests.swift */ = {isa = PBXFileReference; lastKnownFileType = sourcecode.swift; path = JellyfinAsyncTests.swift; sourceTree = "<group>"; };
		DC43E506FA9974EFA8872E6C /* TrackPickerSheet.swift */ = {isa = PBXFileReference; lastKnownFileType = sourcecode.swift; path = TrackPickerSheet.swift; sourceTree = "<group>"; };
		EFB95112E586DE9EC94C62B3 /* UpnpRendererService.swift */ = {isa = PBXFileReference; lastKnownFileType = sourcecode.swift; path = UpnpRendererService.swift; sourceTree = "<group>"; };
		F58112060374FD74F145B776 /* HlsSubtitlePipeline.swift */ = {isa = PBXFileReference; lastKnownFileType = sourcecode.swift; path = HlsSubtitlePipeline.swift; sourceTree = "<group>"; };
		F9A919CE08DBC6C98DA05787 /* JellyfinCancellationTests.swift */ = {isa = PBXFileReference; lastKnownFileType = sourcecode.swift; path = JellyfinCancellationTests.swift; sourceTree = "<group>"; };
		FD75F9EC70ED2AC5CF7CE1EC /* RigelShare.appex */ = {isa = PBXFileReference; includeInIndex = 0; lastKnownFileType = "wrapper.app-extension"; path = RigelShare.appex; sourceTree = BUILT_PRODUCTS_DIR; };
		FF3357516386402A9A76D43E /* Info.plist */ = {isa = PBXFileReference; lastKnownFileType = text.plist; path = Info.plist; sourceTree = "<group>"; };
/* End PBXFileReference section */

/* Begin PBXGroup section */
		09227488A7AC723922D57628 /* iosApp */ = {
			isa = PBXGroup;
			children = (
				447A68C1A13FE16EF24829F3 /* Assets.xcassets */,
				FF3357516386402A9A76D43E /* Info.plist */,
				7564F580CEE1922380DBAC68 /* JellyfinViewModel.swift */,
				09F3E4E0C6B00EC13043EECB /* PlayerModel.swift */,
				13A2B46286CE87F507945849 /* RigelApp.swift */,
				90029D92694D0869C85D2255 /* Theme.swift */,
				49291E73FEB8EA51F03A4F78 /* Bridge */,
				99AE06FA26661543CBC21682 /* Services */,
				5156EBDB8CB96B68DD30ED6D /* Views */,
			);
			path = iosApp;
			sourceTree = "<group>";
		};
		0C717C38A1AC00A064B5D44F /* Fixtures */ = {
			isa = PBXGroup;
			children = (
				7D2F33A359068393712E8AEF /* fixture_dts.mkv */,
				0D3F872D1B7F4231D889C42A /* fixture_multi.mkv */,
				B7CCA223E4F4059CB44E3F38 /* fixture_sidecar.vtt */,
				21A5A241DE30BA2023D56C75 /* fixture_sub_en.srt */,
				145EAC9FD90D68574A086A60 /* fixture_sub_fr.srt */,
				21976EE46218DF8CB1A1EC65 /* fixture_subtitles.mkv */,
				8F14AD936AB698FB4B03CD8B /* fixture.mp4 */,
				B7CBB48AEAE77418376D2D16 /* fixture_hls */,
			);
			path = Fixtures;
			sourceTree = "<group>";
		};
		135EE4CB7FEBAB9B54444423 /* Products */ = {
			isa = PBXGroup;
			children = (
				8CD86059649C881D0505229A /* Rigel.app */,
				FD75F9EC70ED2AC5CF7CE1EC /* RigelShare.appex */,
				1B5E4D4358F621D7071B678A /* RigelTests.xctest */,
			);
			name = Products;
			sourceTree = "<group>";
		};
		2ABF1BF4E22B77DC973692F0 /* RigelTests */ = {
			isa = PBXGroup;
			children = (
				5360C9D77D390D8ADE1CFE07 /* ChromecastFramingTest.swift */,
				0E9C6215B39D81DDC3C52857 /* HttpServerTest.swift */,
				DB4532507FE72B251DDF5351 /* JellyfinAsyncTests.swift */,
				F9A919CE08DBC6C98DA05787 /* JellyfinCancellationTests.swift */,
				19363427F618D5CAC542AD2F /* OpenSubtitlesTests.swift */,
				95EB9D3B2CCD457A19DF33F4 /* PlayerModelTests.swift */,
				77CAF00C369430D75CD3ABCA /* ProbeTest.swift */,
				7AB17D5F6EC701DA65788919 /* SsdpTest.swift */,
				BED57AB27DF39DFAADA04201 /* SubtitleParserTests.swift */,
				B5CE5BE22745E378BBDC931C /* SubtitlePreferencesTests.swift */,
				0C717C38A1AC00A064B5D44F /* Fixtures */,
			);
			path = RigelTests;
			sourceTree = "<group>";
		};
		396A3D1AA33910C3BCC534E3 = {
			isa = PBXGroup;
			children = (
				09227488A7AC723922D57628 /* iosApp */,
				AF4D82A37AF82733074109E8 /* jellyfin-vm */,
				C10DF0B81F118DE425D1BE43 /* ShareExtension */,
				135EE4CB7FEBAB9B54444423 /* Products */,
			);
			sourceTree = "<group>";
		};
		49291E73FEB8EA51F03A4F78 /* Bridge */ = {
			isa = PBXGroup;
			children = (
				1783BE55CF934AA43EC8DE34 /* BridgeAdapters.swift */,
				28078C8B475E60D15BD05567 /* Bridges.swift */,
				8922D7C5B8FCE7EE3CD4058A /* Chromecast.swift */,
				878B4928504043449C4FF196 /* HttpServer.swift */,
				C8CE17963A2289F4B9263B94 /* Probe.swift */,
				AE601FA4AE0C0908D4745F69 /* RigelFfmpeg.h */,
				823C4F6AC1746D30C1238B88 /* RigelPlayerBridge.swift */,
				43A80DAD29CA264E11AE1E2A /* RigelPlayerViewController.swift */,
				0A0A77D73BD53FB477190213 /* Ssdp.swift */,
				4F66FCF2113C925E1D49A8DE /* SubtitleParser.swift */,
				EFB95112E586DE9EC94C62B3 /* UpnpRendererService.swift */,
				5409B5BD5B9CEE59FC15FF9F /* Hls */,
			);
			path = Bridge;
			sourceTree = "<group>";
		};
		5156EBDB8CB96B68DD30ED6D /* Views */ = {
			isa = PBXGroup;
			children = (
				2051C23C328C7C22C8B3632A /* DeviceSetupView.swift */,
				9D4BD15281EBF63805BCE13B /* DevicesView.swift */,
				5BA7FB6CB41BECFF4B3DA0F4 /* HistoryView.swift */,
				4E20CC30AFCA65D53397B118 /* HomeView.swift */,
				23506D9F47ACB0814B259811 /* PlayerChromeViews.swift */,
				A27FC87A2064A0ED8654BD3E /* PlayerHostView.swift */,
				79688BECFCAC2D74B3BA7974 /* PlayerOrientation.swift */,
				6DE32A6746C3E597664C10F4 /* RootView.swift */,
				5D6CDACA6CCC4472CAD24AD5 /* SettingsView.swift */,
				A4262B26119CDCB12A8C7BEA /* SourcesView.swift */,
				3995BE78A381573663358A1E /* SubtitleCustomizationSheet.swift */,
				DC43E506FA9974EFA8872E6C /* TrackPickerSheet.swift */,
			);
			path = Views;
			sourceTree = "<group>";
		};
		5409B5BD5B9CEE59FC15FF9F /* Hls */ = {
			isa = PBXGroup;
			children = (
				649D9C1E86721B3D0FAD5299 /* HlsAudioPipeline.swift */,
				AA0C01D2B513E5A89B689474 /* HlsExporter.swift */,
				6149C13D84A4ADF6B8A96411 /* HlsExporterIO.swift */,
				96F87820A73BAB443DDACBCF /* HlsExporterReadiness.swift */,
				89BD10D0E92B2A1D4BA7E188 /* HlsExporterRun.swift */,
				91D33B49993864B6004681B2 /* HlsPlaylistAndRemux.swift */,
				9C456137CAB6FE330200F972 /* HlsSubtitleChain.swift */,
				F58112060374FD74F145B776 /* HlsSubtitlePipeline.swift */,
				1931CB8B2731B064F91DB089 /* HlsVideoPipeline.swift */,
			);
			path = Hls;
			sourceTree = "<group>";
		};
		99AE06FA26661543CBC21682 /* Services */ = {
			isa = PBXGroup;
			children = (
				3E4280FB564D181C3EF80346 /* JellyfinAsync.swift */,
				58F497B8CE4B18C52A2FA793 /* JellyfinSupport.swift */,
				1DDF70300D69370704A14D9A /* OpenSubtitles.swift */,
				A84E7E5EA7BD9D28381175BE /* SubtitlePreferences.swift */,
			);
			path = Services;
			sourceTree = "<group>";
		};
		AF4D82A37AF82733074109E8 /* jellyfin-vm */ = {
			isa = PBXGroup;
			children = (
				2ABF1BF4E22B77DC973692F0 /* RigelTests */,
			);
			name = "jellyfin-vm";
			path = ..;
			sourceTree = "<group>";
		};
		B7CBB48AEAE77418376D2D16 /* fixture_hls */ = {
			isa = PBXGroup;
			children = (
				9EC33CCF014E87E581BEB2F9 /* index.m3u8 */,
				42C289E11EC5B7A5075878EF /* seg000.ts */,
			);
			path = fixture_hls;
			sourceTree = "<group>";
		};
		C10DF0B81F118DE425D1BE43 /* ShareExtension */ = {
			isa = PBXGroup;
			children = (
				500AD4648B5224FBCEF6AB40 /* Info.plist */,
				523A8D7C5525838C63DC0274 /* ShareViewController.swift */,
			);
			path = ShareExtension;
			sourceTree = "<group>";
		};
/* End PBXGroup section */

/* Begin PBXNativeTarget section */
		2CFE07C6A3AC72F7F435F4EC /* RigelShare */ = {
			isa = PBXNativeTarget;
			buildConfigurationList = 867F68E50E18F3A834FFB51C /* Build configuration list for PBXNativeTarget "RigelShare" */;
			buildPhases = (
				C755126FC698808DBD1A0DB9 /* Sources */,
			);
			buildRules = (
			);
			dependencies = (
			);
			name = RigelShare;
			packageProductDependencies = (
			);
			productName = RigelShare;
			productReference = FD75F9EC70ED2AC5CF7CE1EC /* RigelShare.appex */;
			productType = "com.apple.product-type.app-extension";
		};
		459E6C4A49D670774E68737C /* Rigel */ = {
			isa = PBXNativeTarget;
			buildConfigurationList = AD00C440894B7B1AB0C162CE /* Build configuration list for PBXNativeTarget "Rigel" */;
			buildPhases = (
				3943CE9DF63A33055AD6D00B /* Stage FFmpeg libs for SDK */,
				CA942E500610D1BDCF882F61 /* Build ComposeApp framework */,
				57FE26D15E4A3EF3A42CD6EB /* Sources */,
				F1805634A988C41266C465C9 /* Resources */,
				25A7A640B25228817C0F3263 /* Embed Foundation Extensions */,
			);
			buildRules = (
			);
			dependencies = (
				FB31FE356BDF6152D495F184 /* PBXTargetDependency */,
			);
			name = Rigel;
			packageProductDependencies = (
			);
			productName = Rigel;
			productReference = 8CD86059649C881D0505229A /* Rigel.app */;
			productType = "com.apple.product-type.application";
		};
		EB416464170670DE0F37A6C0 /* RigelTests */ = {
			isa = PBXNativeTarget;
			buildConfigurationList = 59E32206118ACD92B8D22F5A /* Build configuration list for PBXNativeTarget "RigelTests" */;
			buildPhases = (
				32665C26BB0189A08EE3DD3B /* Sources */,
				07F0D637D4FFDB5F47DC6E03 /* Resources */,
			);
			buildRules = (
			);
			dependencies = (
				B2BA5591DB82A42B4FDCF5A8 /* PBXTargetDependency */,
			);
			name = RigelTests;
			packageProductDependencies = (
			);
			productName = RigelTests;
			productReference = 1B5E4D4358F621D7071B678A /* RigelTests.xctest */;
			productType = "com.apple.product-type.bundle.unit-test";
		};
/* End PBXNativeTarget section */

/* Begin PBXProject section */
		7C5559907686F918164C77E8 /* Project object */ = {
			isa = PBXProject;
			attributes = {
				BuildIndependentTargetsInParallel = YES;
				LastUpgradeCheck = 1430;
				TargetAttributes = {
					2CFE07C6A3AC72F7F435F4EC = {
						DevelopmentTeam = 9SAXN99TCU;
						ProvisioningStyle = Automatic;
					};
					459E6C4A49D670774E68737C = {
						DevelopmentTeam = 9SAXN99TCU;
						ProvisioningStyle = Automatic;
					};
				};
			};
			buildConfigurationList = 45EF8C9F85708CC72D72989B /* Build configuration list for PBXProject "Rigel" */;
			developmentRegion = en;
			hasScannedForEncodings = 0;
			knownRegions = (
				Base,
				en,
			);
			mainGroup = 396A3D1AA33910C3BCC534E3;
			minimizedProjectReferenceProxies = 1;
			preferredProjectObjectVersion = 77;
			productRefGroup = 135EE4CB7FEBAB9B54444423 /* Products */;
			projectDirPath = "";
			projectRoot = "";
			targets = (
				459E6C4A49D670774E68737C /* Rigel */,
				2CFE07C6A3AC72F7F435F4EC /* RigelShare */,
				EB416464170670DE0F37A6C0 /* RigelTests */,
			);
		};
/* End PBXProject section */

/* Begin PBXResourcesBuildPhase section */
		07F0D637D4FFDB5F47DC6E03 /* Resources */ = {
			isa = PBXResourcesBuildPhase;
			buildActionMask = 2147483647;
			files = (
				D6E16387AAE1E5FD17570D6B /* fixture.mp4 in Resources */,
				C9A9949718C2113382F9B1A8 /* fixture_dts.mkv in Resources */,
				BEDC186B90D49FA142F46BC5 /* fixture_multi.mkv in Resources */,
				5432CEE181048E2A8D5D3D3C /* fixture_sidecar.vtt in Resources */,
				DE27BCD00651ACC137FD0D57 /* fixture_sub_en.srt in Resources */,
				EA5C8D421D99789084FA5303 /* fixture_sub_fr.srt in Resources */,
				8B16D4A52A4B9A62AA0B519A /* fixture_subtitles.mkv in Resources */,
				AA72F877BCB78E414F2AA8B4 /* index.m3u8 in Resources */,
				DA3FBC1BD04B25396145CF3F /* seg000.ts in Resources */,
			);
			runOnlyForDeploymentPostprocessing = 0;
		};
		F1805634A988C41266C465C9 /* Resources */ = {
			isa = PBXResourcesBuildPhase;
			buildActionMask = 2147483647;
			files = (
				837A5EE4FB2EF17332B17FCF /* Assets.xcassets in Resources */,
			);
			runOnlyForDeploymentPostprocessing = 0;
		};
/* End PBXResourcesBuildPhase section */

/* Begin PBXShellScriptBuildPhase section */
		3943CE9DF63A33055AD6D00B /* Stage FFmpeg libs for SDK */ = {
			isa = PBXShellScriptBuildPhase;
			alwaysOutOfDate = 1;
			buildActionMask = 2147483647;
			files = (
			);
			inputFileListPaths = (
			);
			inputPaths = (
			);
			name = "Stage FFmpeg libs for SDK";
			outputFileListPaths = (
			);
			outputPaths = (
			);
			runOnlyForDeploymentPostprocessing = 0;
			shellPath = /bin/sh;
			shellScript = "case \"$SDK_NAME\" in\n  iphoneos*) SRC=ffmpeg-device ;;\n  *) SRC=ffmpeg ;;\nesac\nrm -rf \"$SRCROOT/vendor/ffmpeg/current\"\nmkdir -p \"$SRCROOT/vendor/ffmpeg/current\"\ncp -R \"$SRCROOT/vendor/$SRC/lib\" \"$SRCROOT/vendor/ffmpeg/current/\"\ncp -R \"$SRCROOT/vendor/$SRC/include\" \"$SRCROOT/vendor/ffmpeg/current/\"\n";
		};
		CA942E500610D1BDCF882F61 /* Build ComposeApp framework */ = {
			isa = PBXShellScriptBuildPhase;
			alwaysOutOfDate = 1;
			buildActionMask = 2147483647;
			files = (
			);
			inputFileListPaths = (
			);
			inputPaths = (
			);
			name = "Build ComposeApp framework";
			outputFileListPaths = (
			);
			outputPaths = (
			);
			runOnlyForDeploymentPostprocessing = 0;
			shellPath = /bin/sh;
			shellScript = "cd \"$SRCROOT/..\"\nexport JAVA_HOME=$(brew --prefix openjdk@21)\n./gradlew :composeApp:embedAndSignAppleFrameworkForXcode\n";
		};
/* End PBXShellScriptBuildPhase section */

/* Begin PBXSourcesBuildPhase section */
		32665C26BB0189A08EE3DD3B /* Sources */ = {
			isa = PBXSourcesBuildPhase;
			buildActionMask = 2147483647;
			files = (
				2BF0454FA2311B0C146BF90B /* ChromecastFramingTest.swift in Sources */,
				35BEA07E0003B546A06E1BE1 /* HttpServerTest.swift in Sources */,
				4AF351DBEBDB84DFFF370B4A /* JellyfinAsyncTests.swift in Sources */,
				33885F2FC039F973674CB10F /* JellyfinCancellationTests.swift in Sources */,
				895F27EFFD7329E3853A6538 /* OpenSubtitlesTests.swift in Sources */,
				316D0FD7891775E4D37017B0 /* PlayerModelTests.swift in Sources */,
				2556785B1EB317B989C75437 /* ProbeTest.swift in Sources */,
				26715F525BC2CB79EBE93337 /* SsdpTest.swift in Sources */,
				3F0110930E698028F88BB64C /* SubtitleParserTests.swift in Sources */,
				8DCEFF150D0E0EB8F9FEDC4E /* SubtitlePreferencesTests.swift in Sources */,
			);
			runOnlyForDeploymentPostprocessing = 0;
		};
		57FE26D15E4A3EF3A42CD6EB /* Sources */ = {
			isa = PBXSourcesBuildPhase;
			buildActionMask = 2147483647;
			files = (
				A46049877E4FF3742A7FB16A /* BridgeAdapters.swift in Sources */,
				50E863DAF61D44CB9B2F2939 /* Bridges.swift in Sources */,
				E8F7E0F105BCAFE74D559DC2 /* Chromecast.swift in Sources */,
				F4B1AD0E21573717A8A1F728 /* DeviceSetupView.swift in Sources */,
				55ACB229D7C9A9EEBE3AB22C /* DevicesView.swift in Sources */,
				581C58ABE626229814E0ED2D /* HistoryView.swift in Sources */,
				48B6F1631ABCC70A154B9517 /* HlsAudioPipeline.swift in Sources */,
				A736676548D0CC33C02ECFA7 /* HlsExporter.swift in Sources */,
				992C5F304BCD67E08D16EAF8 /* HlsExporterIO.swift in Sources */,
				E6B7D8A55C72256E1E1CC76E /* HlsExporterReadiness.swift in Sources */,
				30BCF81934AC8B3124D2C772 /* HlsExporterRun.swift in Sources */,
				8706C6DA54655EDBCB069AE1 /* HlsPlaylistAndRemux.swift in Sources */,
				4E42AEF9C060214750F4BA34 /* HlsSubtitleChain.swift in Sources */,
				1CA27631AEC10F690E9AD45C /* HlsSubtitlePipeline.swift in Sources */,
				FABF00F346D31526946B6F8E /* HlsVideoPipeline.swift in Sources */,
				FE6501ADC8903E3517CDED07 /* HomeView.swift in Sources */,
				CEF57BDA41A823F25B6532D3 /* HttpServer.swift in Sources */,
				6065A2896A859B0ADD9DB996 /* JellyfinAsync.swift in Sources */,
				9503AD3831DD2E48D3F60825 /* JellyfinSupport.swift in Sources */,
				9A0EF6E2BAD5108A28DEF303 /* JellyfinViewModel.swift in Sources */,
				CE96A7957AD6EED370D54E87 /* OpenSubtitles.swift in Sources */,
				9ACF36E8EC1BAE920F544580 /* PlayerChromeViews.swift in Sources */,
				ED1736AE5664B23C0F4DA64B /* PlayerHostView.swift in Sources */,
				249C1FBDC464C9205176311D /* PlayerModel.swift in Sources */,
				80FD1447827E36F5D5FD8868 /* PlayerOrientation.swift in Sources */,
				E0784072F4F3A2C9B610467F /* Probe.swift in Sources */,
				20FD37328E9554A8C5741BFE /* RigelApp.swift in Sources */,
				E7D54ECB739686141FEEF68A /* RigelPlayerBridge.swift in Sources */,
				C7AC8CC829298F13F5B42E31 /* RigelPlayerViewController.swift in Sources */,
				461188ACD9F31217A1382314 /* RootView.swift in Sources */,
				D9AD1C07F00D2DAC29388632 /* SettingsView.swift in Sources */,
				840778D1567BB55D05D193AB /* SourcesView.swift in Sources */,
				F9254DF13AA8D1E8B8F12B26 /* Ssdp.swift in Sources */,
				C6444A76CE746AA49E8FB4A1 /* SubtitleCustomizationSheet.swift in Sources */,
				E66DA358ACCC030FEE0BF9A1 /* SubtitleParser.swift in Sources */,
				E8DBEF193AC5594CC6B63468 /* SubtitlePreferences.swift in Sources */,
				80475FE0CC4CC3F274BE8745 /* Theme.swift in Sources */,
				161C2DE301B22D7F92AAAA5E /* TrackPickerSheet.swift in Sources */,
				60A1BB0A2115E62590F4FB9B /* UpnpRendererService.swift in Sources */,
			);
			runOnlyForDeploymentPostprocessing = 0;
		};
		C755126FC698808DBD1A0DB9 /* Sources */ = {
			isa = PBXSourcesBuildPhase;
			buildActionMask = 2147483647;
			files = (
				FEFAD4FE14DF390979D2DED1 /* ShareViewController.swift in Sources */,
			);
			runOnlyForDeploymentPostprocessing = 0;
		};
/* End PBXSourcesBuildPhase section */

/* Begin PBXTargetDependency section */
		B2BA5591DB82A42B4FDCF5A8 /* PBXTargetDependency */ = {
			isa = PBXTargetDependency;
			target = 459E6C4A49D670774E68737C /* Rigel */;
			targetProxy = 87F4C4A9A0130EDFC7D4E2D3 /* PBXContainerItemProxy */;
		};
		FB31FE356BDF6152D495F184 /* PBXTargetDependency */ = {
			isa = PBXTargetDependency;
			target = 2CFE07C6A3AC72F7F435F4EC /* RigelShare */;
			targetProxy = 5C9513DDDC5F3ACBE2B72323 /* PBXContainerItemProxy */;
		};
/* End PBXTargetDependency section */

/* Begin XCBuildConfiguration section */
		09DFDD389903A5F01C1B876D /* Release */ = {
			isa = XCBuildConfiguration;
			buildSettings = {
				APP_DISPLAY_NAME = Rigel;
				ASSETCATALOG_COMPILER_APPICON_NAME = AppIcon;
				CODE_SIGNING_ALLOWED = YES;
				CODE_SIGN_IDENTITY = "iPhone Developer";
				CODE_SIGN_STYLE = Automatic;
				CURRENT_PROJECT_VERSION = 1;
				DEVELOPMENT_TEAM = 9SAXN99TCU;
				ENABLE_USER_SCRIPT_SANDBOXING = NO;
				HEADER_SEARCH_PATHS = (
					"$(SRCROOT)/vendor/ffmpeg/current/include",
				);
				INFOPLIST_FILE = iosApp/Info.plist;
				LD_RUNPATH_SEARCH_PATHS = (
					"$(inherited)",
					"@executable_path/Frameworks",
				);
				LIBRARY_SEARCH_PATHS = (
					"$(SRCROOT)/vendor/ffmpeg/current/lib",
				);
				MARKETING_VERSION = 1.0;
				OTHER_LDFLAGS = (
					"-lavformat",
					"-lavcodec",
					"-lavutil",
					"-lswresample",
					"-lswscale",
					"-liconv",
					"-lz",
					"-framework",
					VideoToolbox,
				);
				PRODUCT_BUNDLE_IDENTIFIER = "com.rigel.player$(BUNDLE_SUFFIX)";
				SDKROOT = iphoneos;
				SWIFT_OBJC_BRIDGING_HEADER = iosApp/Bridge/RigelFfmpeg.h;
				SWIFT_VERSION = 5.0;
				TARGETED_DEVICE_FAMILY = "1,2";
			};
			name = Release;
		};
		0D3846E0E0EAD5B776483EE1 /* Debug */ = {
			isa = XCBuildConfiguration;
			buildSettings = {
				APP_DISPLAY_NAME = Rigel;
				CODE_SIGN_STYLE = Automatic;
				CURRENT_PROJECT_VERSION = 1;
				DEVELOPMENT_TEAM = 9SAXN99TCU;
				INFOPLIST_FILE = ShareExtension/Info.plist;
				LD_RUNPATH_SEARCH_PATHS = (
					"$(inherited)",
					"@executable_path/Frameworks",
					"@executable_path/../../Frameworks",
				);
				MARKETING_VERSION = 1.0;
				PRODUCT_BUNDLE_IDENTIFIER = "com.rigel.player$(BUNDLE_SUFFIX).share";
				SDKROOT = iphoneos;
				SWIFT_VERSION = 5.0;
				TARGETED_DEVICE_FAMILY = "1,2";
			};
			name = Debug;
		};
		25F8E1DBD7A8F241D977E46D /* Debug */ = {
			isa = XCBuildConfiguration;
			buildSettings = {
				APP_DISPLAY_NAME = Rigel;
				ASSETCATALOG_COMPILER_APPICON_NAME = AppIcon;
				CODE_SIGNING_ALLOWED = YES;
				CODE_SIGN_IDENTITY = "iPhone Developer";
				CODE_SIGN_STYLE = Automatic;
				CURRENT_PROJECT_VERSION = 1;
				DEVELOPMENT_TEAM = 9SAXN99TCU;
				ENABLE_USER_SCRIPT_SANDBOXING = NO;
				HEADER_SEARCH_PATHS = (
					"$(SRCROOT)/vendor/ffmpeg/current/include",
				);
				INFOPLIST_FILE = iosApp/Info.plist;
				LD_RUNPATH_SEARCH_PATHS = (
					"$(inherited)",
					"@executable_path/Frameworks",
				);
				LIBRARY_SEARCH_PATHS = (
					"$(SRCROOT)/vendor/ffmpeg/current/lib",
				);
				MARKETING_VERSION = 1.0;
				OTHER_LDFLAGS = (
					"-lavformat",
					"-lavcodec",
					"-lavutil",
					"-lswresample",
					"-lswscale",
					"-liconv",
					"-lz",
					"-framework",
					VideoToolbox,
				);
				PRODUCT_BUNDLE_IDENTIFIER = "com.rigel.player$(BUNDLE_SUFFIX)";
				SDKROOT = iphoneos;
				SWIFT_OBJC_BRIDGING_HEADER = iosApp/Bridge/RigelFfmpeg.h;
				SWIFT_VERSION = 5.0;
				TARGETED_DEVICE_FAMILY = "1,2";
			};
			name = Debug;
		};
		482FF2D2E5DA63A7E9235141 /* Release */ = {
			isa = XCBuildConfiguration;
			buildSettings = {
				BUNDLE_LOADER = "$(TEST_HOST)";
				GENERATE_INFOPLIST_FILE = YES;
				HEADER_SEARCH_PATHS = (
					"$(SRCROOT)/vendor/ffmpeg/include",
				);
				LD_RUNPATH_SEARCH_PATHS = (
					"$(inherited)",
					"@executable_path/Frameworks",
					"@loader_path/Frameworks",
				);
				LIBRARY_SEARCH_PATHS = (
					"$(SRCROOT)/vendor/ffmpeg/lib",
				);
				PRODUCT_BUNDLE_IDENTIFIER = com.rigel.RigelTests;
				SDKROOT = iphoneos;
				SWIFT_VERSION = 5.0;
				TARGETED_DEVICE_FAMILY = "1,2";
				TEST_HOST = "$(BUILT_PRODUCTS_DIR)/Rigel.app/Rigel";
			};
			name = Release;
		};
		7D7FD7808006A79D9FB4D336 /* Release */ = {
			isa = XCBuildConfiguration;
			buildSettings = {
				ALWAYS_SEARCH_USER_PATHS = NO;
				CLANG_ANALYZER_NONNULL = YES;
				CLANG_ANALYZER_NUMBER_OBJECT_CONVERSION = YES_AGGRESSIVE;
				CLANG_CXX_LANGUAGE_STANDARD = "gnu++14";
				CLANG_CXX_LIBRARY = "libc++";
				CLANG_ENABLE_MODULES = YES;
				CLANG_ENABLE_OBJC_ARC = YES;
				CLANG_ENABLE_OBJC_WEAK = YES;
				CLANG_WARN_BLOCK_CAPTURE_AUTORELEASING = YES;
				CLANG_WARN_BOOL_CONVERSION = YES;
				CLANG_WARN_COMMA = YES;
				CLANG_WARN_CONSTANT_CONVERSION = YES;
				CLANG_WARN_DEPRECATED_OBJC_IMPLEMENTATIONS = YES;
				CLANG_WARN_DIRECT_OBJC_ISA_USAGE = YES_ERROR;
				CLANG_WARN_DOCUMENTATION_COMMENTS = YES;
				CLANG_WARN_EMPTY_BODY = YES;
				CLANG_WARN_ENUM_CONVERSION = YES;
				CLANG_WARN_INFINITE_RECURSION = YES;
				CLANG_WARN_INT_CONVERSION = YES;
				CLANG_WARN_NON_LITERAL_NULL_CONVERSION = YES;
				CLANG_WARN_OBJC_IMPLICIT_RETAIN_SELF = YES;
				CLANG_WARN_OBJC_LITERAL_CONVERSION = YES;
				CLANG_WARN_OBJC_ROOT_CLASS = YES_ERROR;
				CLANG_WARN_QUOTED_INCLUDE_IN_FRAMEWORK_HEADER = YES;
				CLANG_WARN_RANGE_LOOP_ANALYSIS = YES;
				CLANG_WARN_STRICT_PROTOTYPES = YES;
				CLANG_WARN_SUSPICIOUS_MOVE = YES;
				CLANG_WARN_UNGUARDED_AVAILABILITY = YES_AGGRESSIVE;
				CLANG_WARN_UNREACHABLE_CODE = YES;
				CLANG_WARN__DUPLICATE_METHOD_MATCH = YES;
				COPY_PHASE_STRIP = NO;
				DEBUG_INFORMATION_FORMAT = "dwarf-with-dsym";
				ENABLE_NS_ASSERTIONS = NO;
				ENABLE_STRICT_OBJC_MSGSEND = YES;
				GCC_C_LANGUAGE_STANDARD = gnu11;
				GCC_NO_COMMON_BLOCKS = YES;
				GCC_WARN_64_TO_32_BIT_CONVERSION = YES;
				GCC_WARN_ABOUT_RETURN_TYPE = YES_ERROR;
				GCC_WARN_UNDECLARED_SELECTOR = YES;
				GCC_WARN_UNINITIALIZED_AUTOS = YES_AGGRESSIVE;
				GCC_WARN_UNUSED_FUNCTION = YES;
				GCC_WARN_UNUSED_VARIABLE = YES;
				IPHONEOS_DEPLOYMENT_TARGET = 16.0;
				MTL_ENABLE_DEBUG_INFO = NO;
				MTL_FAST_MATH = YES;
				PRODUCT_NAME = "$(TARGET_NAME)";
				SDKROOT = iphoneos;
				SWIFT_COMPILATION_MODE = wholemodule;
				SWIFT_OPTIMIZATION_LEVEL = "-O";
				SWIFT_VERSION = 5.0;
			};
			name = Release;
		};
		BAF5D9A69E8587A6D1F3F5E7 /* Debug */ = {
			isa = XCBuildConfiguration;
			buildSettings = {
				BUNDLE_LOADER = "$(TEST_HOST)";
				GENERATE_INFOPLIST_FILE = YES;
				HEADER_SEARCH_PATHS = (
					"$(SRCROOT)/vendor/ffmpeg/include",
				);
				LD_RUNPATH_SEARCH_PATHS = (
					"$(inherited)",
					"@executable_path/Frameworks",
					"@loader_path/Frameworks",
				);
				LIBRARY_SEARCH_PATHS = (
					"$(SRCROOT)/vendor/ffmpeg/lib",
				);
				PRODUCT_BUNDLE_IDENTIFIER = com.rigel.RigelTests;
				SDKROOT = iphoneos;
				SWIFT_VERSION = 5.0;
				TARGETED_DEVICE_FAMILY = "1,2";
				TEST_HOST = "$(BUILT_PRODUCTS_DIR)/Rigel.app/Rigel";
			};
			name = Debug;
		};
		C9FC1AF5D54B79531CD67F18 /* Debug */ = {
			isa = XCBuildConfiguration;
			buildSettings = {
				ALWAYS_SEARCH_USER_PATHS = NO;
				CLANG_ANALYZER_NONNULL = YES;
				CLANG_ANALYZER_NUMBER_OBJECT_CONVERSION = YES_AGGRESSIVE;
				CLANG_CXX_LANGUAGE_STANDARD = "gnu++14";
				CLANG_CXX_LIBRARY = "libc++";
				CLANG_ENABLE_MODULES = YES;
				CLANG_ENABLE_OBJC_ARC = YES;
				CLANG_ENABLE_OBJC_WEAK = YES;
				CLANG_WARN_BLOCK_CAPTURE_AUTORELEASING = YES;
				CLANG_WARN_BOOL_CONVERSION = YES;
				CLANG_WARN_COMMA = YES;
				CLANG_WARN_CONSTANT_CONVERSION = YES;
				CLANG_WARN_DEPRECATED_OBJC_IMPLEMENTATIONS = YES;
				CLANG_WARN_DIRECT_OBJC_ISA_USAGE = YES_ERROR;
				CLANG_WARN_DOCUMENTATION_COMMENTS = YES;
				CLANG_WARN_EMPTY_BODY = YES;
				CLANG_WARN_ENUM_CONVERSION = YES;
				CLANG_WARN_INFINITE_RECURSION = YES;
				CLANG_WARN_INT_CONVERSION = YES;
				CLANG_WARN_NON_LITERAL_NULL_CONVERSION = YES;
				CLANG_WARN_OBJC_IMPLICIT_RETAIN_SELF = YES;
				CLANG_WARN_OBJC_LITERAL_CONVERSION = YES;
				CLANG_WARN_OBJC_ROOT_CLASS = YES_ERROR;
				CLANG_WARN_QUOTED_INCLUDE_IN_FRAMEWORK_HEADER = YES;
				CLANG_WARN_RANGE_LOOP_ANALYSIS = YES;
				CLANG_WARN_STRICT_PROTOTYPES = YES;
				CLANG_WARN_SUSPICIOUS_MOVE = YES;
				CLANG_WARN_UNGUARDED_AVAILABILITY = YES_AGGRESSIVE;
				CLANG_WARN_UNREACHABLE_CODE = YES;
				CLANG_WARN__DUPLICATE_METHOD_MATCH = YES;
				COPY_PHASE_STRIP = NO;
				DEBUG_INFORMATION_FORMAT = dwarf;
				ENABLE_STRICT_OBJC_MSGSEND = YES;
				ENABLE_TESTABILITY = YES;
				GCC_C_LANGUAGE_STANDARD = gnu11;
				GCC_DYNAMIC_NO_PIC = NO;
				GCC_NO_COMMON_BLOCKS = YES;
				GCC_OPTIMIZATION_LEVEL = 0;
				GCC_PREPROCESSOR_DEFINITIONS = (
					"$(inherited)",
					"DEBUG=1",
				);
				GCC_WARN_64_TO_32_BIT_CONVERSION = YES;
				GCC_WARN_ABOUT_RETURN_TYPE = YES_ERROR;
				GCC_WARN_UNDECLARED_SELECTOR = YES;
				GCC_WARN_UNINITIALIZED_AUTOS = YES_AGGRESSIVE;
				GCC_WARN_UNUSED_FUNCTION = YES;
				GCC_WARN_UNUSED_VARIABLE = YES;
				IPHONEOS_DEPLOYMENT_TARGET = 16.0;
				MTL_ENABLE_DEBUG_INFO = INCLUDE_SOURCE;
				MTL_FAST_MATH = YES;
				ONLY_ACTIVE_ARCH = YES;
				PRODUCT_NAME = "$(TARGET_NAME)";
				SDKROOT = iphoneos;
				SWIFT_ACTIVE_COMPILATION_CONDITIONS = DEBUG;
				SWIFT_OPTIMIZATION_LEVEL = "-Onone";
				SWIFT_VERSION = 5.0;
			};
			name = Debug;
		};
		D246A1554FCE963C77EF1602 /* Release */ = {
			isa = XCBuildConfiguration;
			buildSettings = {
				APP_DISPLAY_NAME = Rigel;
				CODE_SIGN_STYLE = Automatic;
				CURRENT_PROJECT_VERSION = 1;
				DEVELOPMENT_TEAM = 9SAXN99TCU;
				INFOPLIST_FILE = ShareExtension/Info.plist;
				LD_RUNPATH_SEARCH_PATHS = (
					"$(inherited)",
					"@executable_path/Frameworks",
					"@executable_path/../../Frameworks",
				);
				MARKETING_VERSION = 1.0;
				PRODUCT_BUNDLE_IDENTIFIER = "com.rigel.player$(BUNDLE_SUFFIX).share";
				SDKROOT = iphoneos;
				SWIFT_VERSION = 5.0;
				TARGETED_DEVICE_FAMILY = "1,2";
			};
			name = Release;
		};
/* End XCBuildConfiguration section */

/* Begin XCConfigurationList section */
		45EF8C9F85708CC72D72989B /* Build configuration list for PBXProject "Rigel" */ = {
			isa = XCConfigurationList;
			buildConfigurations = (
				C9FC1AF5D54B79531CD67F18 /* Debug */,
				7D7FD7808006A79D9FB4D336 /* Release */,
			);
			defaultConfigurationIsVisible = 0;
			defaultConfigurationName = Debug;
		};
		59E32206118ACD92B8D22F5A /* Build configuration list for PBXNativeTarget "RigelTests" */ = {
			isa = XCConfigurationList;
			buildConfigurations = (
				BAF5D9A69E8587A6D1F3F5E7 /* Debug */,
				482FF2D2E5DA63A7E9235141 /* Release */,
			);
			defaultConfigurationIsVisible = 0;
			defaultConfigurationName = Debug;
		};
		867F68E50E18F3A834FFB51C /* Build configuration list for PBXNativeTarget "RigelShare" */ = {
			isa = XCConfigurationList;
			buildConfigurations = (
				0D3846E0E0EAD5B776483EE1 /* Debug */,
				D246A1554FCE963C77EF1602 /* Release */,
			);
			defaultConfigurationIsVisible = 0;
			defaultConfigurationName = Debug;
		};
		AD00C440894B7B1AB0C162CE /* Build configuration list for PBXNativeTarget "Rigel" */ = {
			isa = XCConfigurationList;
			buildConfigurations = (
				25F8E1DBD7A8F241D977E46D /* Debug */,
				09DFDD389903A5F01C1B876D /* Release */,
			);
			defaultConfigurationIsVisible = 0;
			defaultConfigurationName = Debug;
		};
/* End XCConfigurationList section */
	};
	rootObject = 7C5559907686F918164C77E8 /* Project object */;
}
